// !$*UTF8*$!
{
	archiveVersion = 1;
	classes = {
	};
	objectVersion = 55;
	objects = {

/* Begin PBXBuildFile section */
		B1B8C2C227BDB1FC0017FE69 /* AppDelegate.swift in Sources */ = {isa = PBXBuildFile; fileRef = B1B8C2C127BDB1FC0017FE69 /* AppDelegate.swift */; };
		B1B8C2C427BDB1FC0017FE69 /* SceneDelegate.swift in Sources */ = {isa = PBXBuildFile; fileRef = B1B8C2C327BDB1FC0017FE69 /* SceneDelegate.swift */; };
		B1B8C2C627BDB1FC0017FE69 /* ContactListTableViewController.swift in Sources */ = {isa = PBXBuildFile; fileRef = B1B8C2C527BDB1FC0017FE69 /* ContactListTableViewController.swift */; };
		B1B8C2C927BDB1FC0017FE69 /* Main.storyboard in Resources */ = {isa = PBXBuildFile; fileRef = B1B8C2C727BDB1FC0017FE69 /* Main.storyboard */; };
		B1B8C2CB27BDB1FF0017FE69 /* Assets.xcassets in Resources */ = {isa = PBXBuildFile; fileRef = B1B8C2CA27BDB1FF0017FE69 /* Assets.xcassets */; };
		B1B8C2CE27BDB1FF0017FE69 /* LaunchScreen.storyboard in Resources */ = {isa = PBXBuildFile; fileRef = B1B8C2CC27BDB1FF0017FE69 /* LaunchScreen.storyboard */; };
		B1B8C2DC27BDB2F10017FE69 /* Person.swift in Sources */ = {isa = PBXBuildFile; fileRef = B1B8C2DB27BDB2F10017FE69 /* Person.swift */; };
		B1B8C2DE27BDB30E0017FE69 /* DataManager.swift in Sources */ = {isa = PBXBuildFile; fileRef = B1B8C2DD27BDB30E0017FE69 /* DataManager.swift */; };
		B1BC98D827C0366F009AEA14 /* MainTabBarController.swift in Sources */ = {isa = PBXBuildFile; fileRef = B1BC98D727C0366F009AEA14 /* MainTabBarController.swift */; };
		B1BC98DA27C03762009AEA14 /* ContactSectionListTableViewController.swift in Sources */ = {isa = PBXBuildFile; fileRef = B1BC98D927C03762009AEA14 /* ContactSectionListTableViewController.swift */; };
		B1BC98DC27C03780009AEA14 /* ContactDetailsViewController.swift in Sources */ = {isa = PBXBuildFile; fileRef = B1BC98DB27C03780009AEA14 /* ContactDetailsViewController.swift */; };
/* End PBXBuildFile section */

/* Begin PBXFileReference section */
		B1B8C2BE27BDB1FC0017FE69 /* ContactList.app */ = {isa = PBXFileReference; explicitFileType = wrapper.application; includeInIndex = 0; path = ContactList.app; sourceTree = BUILT_PRODUCTS_DIR; };
		B1B8C2C127BDB1FC0017FE69 /* AppDelegate.swift */ = {isa = PBXFileReference; lastKnownFileType = sourcecode.swift; path = AppDelegate.swift; sourceTree = "<group>"; };
		B1B8C2C327BDB1FC0017FE69 /* SceneDelegate.swift */ = {isa = PBXFileReference; lastKnownFileType = sourcecode.swift; path = SceneDelegate.swift; sourceTree = "<group>"; };
		B1B8C2C527BDB1FC0017FE69 /* ContactListTableViewController.swift */ = {isa = PBXFileReference; lastKnownFileType = sourcecode.swift; path = ContactListTableViewController.swift; sourceTree = "<group>"; };
		B1B8C2C827BDB1FC0017FE69 /* Base */ = {isa = PBXFileReference; lastKnownFileType = file.storyboard; name = Base; path = Base.lproj/Main.storyboard; sourceTree = "<group>"; };
		B1B8C2CA27BDB1FF0017FE69 /* Assets.xcassets */ = {isa = PBXFileReference; lastKnownFileType = folder.assetcatalog; path = Assets.xcassets; sourceTree = "<group>"; };
		B1B8C2CD27BDB1FF0017FE69 /* Base */ = {isa = PBXFileReference; lastKnownFileType = file.storyboard; name = Base; path = Base.lproj/LaunchScreen.storyboard; sourceTree = "<group>"; };
		B1B8C2CF27BDB1FF0017FE69 /* Info.plist */ = {isa = PBXFileReference; lastKnownFileType = text.plist.xml; path = Info.plist; sourceTree = "<group>"; };
		B1B8C2DB27BDB2F10017FE69 /* Person.swift */ = {isa = PBXFileReference; lastKnownFileType = sourcecode.swift; path = Person.swift; sourceTree = "<group>"; };
		B1B8C2DD27BDB30E0017FE69 /* DataManager.swift */ = {isa = PBXFileReference; lastKnownFileType = sourcecode.swift; path = DataManager.swift; sourceTree = "<group>"; };
		B1BC98D727C0366F009AEA14 /* MainTabBarController.swift */ = {isa = PBXFileReference; lastKnownFileType = sourcecode.swift; path = MainTabBarController.swift; sourceTree = "<group>"; };
		B1BC98D927C03762009AEA14 /* ContactSectionListTableViewController.swift */ = {isa = PBXFileReference; lastKnownFileType = sourcecode.swift; path = ContactSectionListTableViewController.swift; sourceTree = "<group>"; };
		B1BC98DB27C03780009AEA14 /* ContactDetailsViewController.swift */ = {isa = PBXFileReference; lastKnownFileType = sourcecode.swift; path = ContactDetailsViewController.swift; sourceTree = "<group>"; };
/* End PBXFileReference section */

/* Begin PBXFrameworksBuildPhase section */
		B1B8C2BB27BDB1FC0017FE69 /* Frameworks */ = {
			isa = PBXFrameworksBuildPhase;
			buildActionMask = 2147483647;
			files = (
			);
			runOnlyForDeploymentPostprocessing = 0;
		};
/* End PBXFrameworksBuildPhase section */

/* Begin PBXGroup section */
		B1B8C2B527BDB1FC0017FE69 = {
			isa = PBXGroup;
			children = (
				B1B8C2C027BDB1FC0017FE69 /* ContactList */,
				B1B8C2BF27BDB1FC0017FE69 /* Products */,
			);
			sourceTree = "<group>";
		};
		B1B8C2BF27BDB1FC0017FE69 /* Products */ = {
			isa = PBXGroup;
			children = (
				B1B8C2BE27BDB1FC0017FE69 /* ContactList.app */,
			);
			name = Products;
			sourceTree = "<group>";
		};
		B1B8C2C027BDB1FC0017FE69 /* ContactList */ = {
			isa = PBXGroup;
			children = (
				B1B8C2DA27BDB28F0017FE69 /* Models */,
				B1B8C2D627BDB2470017FE69 /* ViewControllers */,
				B1B8C2D927BDB2670017FE69 /* Services */,
				B1B8C2D727BDB2540017FE69 /* Storyboards */,
				B1B8C2D827BDB25E0017FE69 /* Resources */,
				B1B8C2D527BDB22A0017FE69 /* App */,
			);
			path = ContactList;
			sourceTree = "<group>";
		};
		B1B8C2D527BDB22A0017FE69 /* App */ = {
			isa = PBXGroup;
			children = (
				B1B8C2C127BDB1FC0017FE69 /* AppDelegate.swift */,
				B1B8C2C327BDB1FC0017FE69 /* SceneDelegate.swift */,
				B1B8C2CF27BDB1FF0017FE69 /* Info.plist */,
			);
			path = App;
			sourceTree = "<group>";
		};
		B1B8C2D627BDB2470017FE69 /* ViewControllers */ = {
			isa = PBXGroup;
			children = (
				B1BC98D727C0366F009AEA14 /* MainTabBarController.swift */,
				B1B8C2C527BDB1FC0017FE69 /* ContactListTableViewController.swift */,
				B1BC98DB27C03780009AEA14 /* ContactDetailsViewController.swift */,
				B1BC98D927C03762009AEA14 /* ContactSectionListTableViewController.swift */,
			);
			path = ViewControllers;
			sourceTree = "<group>";
		};
		B1B8C2D727BDB2540017FE69 /* Storyboards */ = {
			isa = PBXGroup;
			children = (
				B1B8C2C727BDB1FC0017FE69 /* Main.storyboard */,
				B1B8C2CC27BDB1FF0017FE69 /* LaunchScreen.storyboard */,
			);
			path = Storyboards;
			sourceTree = "<group>";
		};
		B1B8C2D827BDB25E0017FE69 /* Resources */ = {
			isa = PBXGroup;
			children = (
				B1B8C2CA27BDB1FF0017FE69 /* Assets.xcassets */,
			);
			path = Resources;
			sourceTree = "<group>";
		};
		B1B8C2D927BDB2670017FE69 /* Services */ = {
			isa = PBXGroup;
			children = (
				B1B8C2DD27BDB30E0017FE69 /* DataManager.swift */,
			);
			path = Services;
			sourceTree = "<group>";
		};
		B1B8C2DA27BDB28F0017FE69 /* Models */ = {
			isa = PBXGroup;
			children = (
				B1B8C2DB27BDB2F10017FE69 /* Person.swift */,
			);
			path = Models;
			sourceTree = "<group>";
		};
/* End PBXGroup section */

/* Begin PBXNativeTarget section */
		B1B8C2BD27BDB1FC0017FE69 /* ContactList */ = {
			isa = PBXNativeTarget;
			buildConfigurationList = B1B8C2D227BDB1FF0017FE69 /* Build configuration list for PBXNativeTarget "ContactList" */;
			buildPhases = (
				B1B8C2BA27BDB1FC0017FE69 /* Sources */,
				B1B8C2BB27BDB1FC0017FE69 /* Frameworks */,
				B1B8C2BC27BDB1FC0017FE69 /* Resources */,
			);
			buildRules = (
			);
			dependencies = (
			);
			name = ContactList;
			productName = ContactList;
			productReference = B1B8C2BE27BDB1FC0017FE69 /* ContactList.app */;
			productType = "com.apple.product-type.application";
		};
/* End PBXNativeTarget section */

/* Begin PBXProject section */
		B1B8C2B627BDB1FC0017FE69 /* Project object */ = {
			isa = PBXProject;
			attributes = {
				BuildIndependentTargetsInParallel = 1;
				LastSwiftUpdateCheck = 1320;
				LastUpgradeCheck = 1320;
				TargetAttributes = {
					B1B8C2BD27BDB1FC0017FE69 = {
						CreatedOnToolsVersion = 13.2.1;
					};
				};
			};
			buildConfigurationList = B1B8C2B927BDB1FC0017FE69 /* Build configuration list for PBXProject "ContactList" */;
			compatibilityVersion = "Xcode 13.0";
			developmentRegion = en;
			hasScannedForEncodings = 0;
			knownRegions = (
				en,
				Base,
			);
			mainGroup = B1B8C2B527BDB1FC0017FE69;
			productRefGroup = B1B8C2BF27BDB1FC0017FE69 /* Products */;
			projectDirPath = "";
			projectRoot = "";
			targets = (
				B1B8C2BD27BDB1FC0017FE69 /* ContactList */,
			);
		};
/* End PBXProject section */

/* Begin PBXResourcesBuildPhase section */
		B1B8C2BC27BDB1FC0017FE69 /* Resources */ = {
			isa = PBXResourcesBuildPhase;
			buildActionMask = 2147483647;
			files = (
				B1B8C2CE27BDB1FF0017FE69 /* LaunchScreen.storyboard in Resources */,
				B1B8C2CB27BDB1FF0017FE69 /* Assets.xcassets in Resources */,
				B1B8C2C927BDB1FC0017FE69 /* Main.storyboard in Resources */,
			);
			runOnlyForDeploymentPostprocessing = 0;
		};
/* End PBXResourcesBuildPhase section */

/* Begin PBXSourcesBuildPhase section */
		B1B8C2BA27BDB1FC0017FE69 /* Sources */ = {
			isa = PBXSourcesBuildPhase;
			buildActionMask = 2147483647;
			files = (
				B1BC98DC27C03780009AEA14 /* ContactDetailsViewController.swift in Sources */,
				B1B8C2C627BDB1FC0017FE69 /* ContactListTableViewController.swift in Sources */,
				B1BC98DA27C03762009AEA14 /* ContactSectionListTableViewController.swift in Sources */,
				B1B8C2DE27BDB30E0017FE69 /* DataManager.swift in Sources */,
				B1BC98D827C0366F009AEA14 /* MainTabBarController.swift in Sources */,
				B1B8C2C227BDB1FC0017FE69 /* AppDelegate.swift in Sources */,
				B1B8C2DC27BDB2F10017FE69 /* Person.swift in Sources */,
				B1B8C2C427BDB1FC0017FE69 /* SceneDelegate.swift in Sources */,
			);
			runOnlyForDeploymentPostprocessing = 0;
		};
/* End PBXSourcesBuildPhase section */

/* Begin PBXVariantGroup section */
		B1B8C2C727BDB1FC0017FE69 /* Main.storyboard */ = {
			isa = PBXVariantGroup;
			children = (
				B1B8C2C827BDB1FC0017FE69 /* Base */,
			);
			name = Main.storyboard;
			sourceTree = "<group>";
		};
		B1B8C2CC27BDB1FF0017FE69 /* LaunchScreen.storyboard */ = {
			isa = PBXVariantGroup;
			children = (
				B1B8C2CD27BDB1FF0017FE69 /* Base */,
			);
			name = LaunchScreen.storyboard;
			sourceTree = "<group>";
		};
/* End PBXVariantGroup section */

/* Begin XCBuildConfiguration section */
		B1B8C2D027BDB1FF0017FE69 /* Debug */ = {
			isa = XCBuildConfiguration;
			buildSettings = {
				ALWAYS_SEARCH_USER_PATHS = NO;
				CLANG_ANALYZER_NONNULL = YES;
				CLANG_ANALYZER_NUMBER_OBJECT_CONVERSION = YES_AGGRESSIVE;
				CLANG_CXX_LANGUAGE_STANDARD = "gnu++17";
				CLANG_CXX_LIBRARY = "libc++";
				CLANG_ENABLE_MODULES = YES;
				CLANG_ENABLE_OBJC_ARC = YES;
				CLANG_ENABLE_OBJC_WEAK = YES;
				CLANG_WARN_BLOCK_CAPTURE_AUTORELEASING = YES;
				CLANG_WARN_BOOL_CONVERSION = YES;
				CLANG_WARN_COMMA = YES;
				CLANG_WARN_CONSTANT_CONVERSION = YES;
				CLANG_WARN_DEPRECATED_OBJC_IMPLEMENTATIONS = YES;
				CLANG_WARN_DIRECT_OBJC_ISA_USAGE = YES_ERROR;
				CLANG_WARN_DOCUMENTATION_COMMENTS = YES;
				CLANG_WARN_EMPTY_BODY = YES;
				CLANG_WARN_ENUM_CONVERSION = YES;
				CLANG_WARN_INFINITE_RECURSION = YES;
				CLANG_WARN_INT_CONVERSION = YES;
				CLANG_WARN_NON_LITERAL_NULL_CONVERSION = YES;
				CLANG_WARN_OBJC_IMPLICIT_RETAIN_SELF = YES;
				CLANG_WARN_OBJC_LITERAL_CONVERSION = YES;
				CLANG_WARN_OBJC_ROOT_CLASS = YES_ERROR;
				CLANG_WARN_QUOTED_INCLUDE_IN_FRAMEWORK_HEADER = YES;
				CLANG_WARN_RANGE_LOOP_ANALYSIS = YES;
				CLANG_WARN_STRICT_PROTOTYPES = YES;
				CLANG_WARN_SUSPICIOUS_MOVE = YES;
				CLANG_WARN_UNGUARDED_AVAILABILITY = YES_AGGRESSIVE;
				CLANG_WARN_UNREACHABLE_CODE = YES;
				CLANG_WARN__DUPLICATE_METHOD_MATCH = YES;
				COPY_PHASE_STRIP = NO;
				DEBUG_INFORMATION_FORMAT = dwarf;
				ENABLE_STRICT_OBJC_MSGSEND = YES;
				ENABLE_TESTABILITY = YES;
				GCC_C_LANGUAGE_STANDARD = gnu11;
				GCC_DYNAMIC_NO_PIC = NO;
				GCC_NO_COMMON_BLOCKS = YES;
				GCC_OPTIMIZATION_LEVEL = 0;
				GCC_PREPROCESSOR_DEFINITIONS = (
					"DEBUG=1",
					"$(inherited)",
				);
				GCC_WARN_64_TO_32_BIT_CONVERSION = YES;
				GCC_WARN_ABOUT_RETURN_TYPE = YES_ERROR;
				GCC_WARN_UNDECLARED_SELECTOR = YES;
				GCC_WARN_UNINITIALIZED_AUTOS = YES_AGGRESSIVE;
				GCC_WARN_UNUSED_FUNCTION = YES;
				GCC_WARN_UNUSED_VARIABLE = YES;
				IPHONEOS_DEPLOYMENT_TARGET = 15.2;
				MTL_ENABLE_DEBUG_INFO = INCLUDE_SOURCE;
				MTL_FAST_MATH = YES;
				ONLY_ACTIVE_ARCH = YES;
				SDKROOT = iphoneos;
				SWIFT_ACTIVE_COMPILATION_CONDITIONS = DEBUG;
				SWIFT_OPTIMIZATION_LEVEL = "-Onone";
			};
			name = Debug;
		};
		B1B8C2D127BDB1FF0017FE69 /* Release */ = {
			isa = XCBuildConfiguration;
			buildSettings = {
				ALWAYS_SEARCH_USER_PATHS = NO;
				CLANG_ANALYZER_NONNULL = YES;
				CLANG_ANALYZER_NUMBER_OBJECT_CONVERSION = YES_AGGRESSIVE;
				CLANG_CXX_LANGUAGE_STANDARD = "gnu++17";
				CLANG_CXX_LIBRARY = "libc++";
				CLANG_ENABLE_MODULES = YES;
				CLANG_ENABLE_OBJC_ARC = YES;
				CLANG_ENABLE_OBJC_WEAK = YES;
				CLANG_WARN_BLOCK_CAPTURE_AUTORELEASING = YES;
				CLANG_WARN_BOOL_CONVERSION = YES;
				CLANG_WARN_COMMA = YES;
				CLANG_WARN_CONSTANT_CONVERSION = YES;
				CLANG_WARN_DEPRECATED_OBJC_IMPLEMENTATIONS = YES;
				CLANG_WARN_DIRECT_OBJC_ISA_USAGE = YES_ERROR;
				CLANG_WARN_DOCUMENTATION_COMMENTS = YES;
				CLANG_WARN_EMPTY_BODY = YES;
				CLANG_WARN_ENUM_CONVERSION = YES;
				CLANG_WARN_INFINITE_RECURSION = YES;
				CLANG_WARN_INT_CONVERSION = YES;
				CLANG_WARN_NON_LITERAL_NULL_CONVERSION = YES;
				CLANG_WARN_OBJC_IMPLICIT_RETAIN_SELF = YES;
				CLANG_WARN_OBJC_LITERAL_CONVERSION = YES;
				CLANG_WARN_OBJC_ROOT_CLASS = YES_ERROR;
				CLANG_WARN_QUOTED_INCLUDE_IN_FRAMEWORK_HEADER = YES;
				CLANG_WARN_RANGE_LOOP_ANALYSIS = YES;
				CLANG_WARN_STRICT_PROTOTYPES = YES;
				CLANG_WARN_SUSPICIOUS_MOVE = YES;
				CLANG_WARN_UNGUARDED_AVAILABILITY = YES_AGGRESSIVE;
				CLANG_WARN_UNREACHABLE_CODE = YES;
				CLANG_WARN__DUPLICATE_METHOD_MATCH = YES;
				COPY_PHASE_STRIP = NO;
				DEBUG_INFORMATION_FORMAT = "dwarf-with-dsym";
				ENABLE_NS_ASSERTIONS = NO;
				ENABLE_STRICT_OBJC_MSGSEND = YES;
				GCC_C_LANGUAGE_STANDARD = gnu11;
				GCC_NO_COMMON_BLOCKS = YES;
				GCC_WARN_64_TO_32_BIT_CONVERSION = YES;
				GCC_WARN_ABOUT_RETURN_TYPE = YES_ERROR;
				GCC_WARN_UNDECLARED_SELECTOR = YES;
				GCC_WARN_UNINITIALIZED_AUTOS = YES_AGGRESSIVE;
				GCC_WARN_UNUSED_FUNCTION = YES;
				GCC_WARN_UNUSED_VARIABLE = YES;
				IPHONEOS_DEPLOYMENT_TARGET = 15.2;
				MTL_ENABLE_DEBUG_INFO = NO;
				MTL_FAST_MATH = YES;
				SDKROOT = iphoneos;
				SWIFT_COMPILATION_MODE = wholemodule;
				SWIFT_OPTIMIZATION_LEVEL = "-O";
				VALIDATE_PRODUCT = YES;
			};
			name = Release;
		};
		B1B8C2D327BDB1FF0017FE69 /* Debug */ = {
			isa = XCBuildConfiguration;
			buildSettings = {
				ASSETCATALOG_COMPILER_APPICON_NAME = AppIcon;
				ASSETCATALOG_COMPILER_GLOBAL_ACCENT_COLOR_NAME = AccentColor;
				CODE_SIGN_STYLE = Automatic;
				CURRENT_PROJECT_VERSION = 1;
				DEVELOPMENT_TEAM = T2HBBQ5KF9;
				GENERATE_INFOPLIST_FILE = YES;
				INFOPLIST_FILE = ContactList/App/Info.plist;
				INFOPLIST_KEY_UIApplicationSupportsIndirectInputEvents = YES;
				INFOPLIST_KEY_UILaunchStoryboardName = LaunchScreen;
				INFOPLIST_KEY_UIMainStoryboardFile = Main;
				INFOPLIST_KEY_UISupportedInterfaceOrientations = "UIInterfaceOrientationPortrait UIInterfaceOrientationPortraitUpsideDown";
				INFOPLIST_KEY_UISupportedInterfaceOrientations_iPad = "UIInterfaceOrientationPortrait UIInterfaceOrientationPortraitUpsideDown UIInterfaceOrientationLandscapeLeft UIInterfaceOrientationLandscapeRight";
				INFOPLIST_KEY_UISupportedInterfaceOrientations_iPhone = "UIInterfaceOrientationPortrait UIInterfaceOrientationLandscapeLeft UIInterfaceOrientationLandscapeRight";
				IPHONEOS_DEPLOYMENT_TARGET = 14.5;
				LD_RUNPATH_SEARCH_PATHS = (
					"$(inherited)",
					"@executable_path/Frameworks",
				);
				MARKETING_VERSION = 1.0;
				PRODUCT_BUNDLE_IDENTIFIER = home.ContactList;
				PRODUCT_NAME = "$(TARGET_NAME)";
				SWIFT_EMIT_LOC_STRINGS = YES;
				SWIFT_VERSION = 5.0;
				TARGETED_DEVICE_FAMILY = "1,2";
			};
			name = Debug;
		};
		B1B8C2D427BDB1FF0017FE69 /* Release */ = {
			isa = XCBuildConfiguration;
			buildSettings = {
				ASSETCATALOG_COMPILER_APPICON_NAME = AppIcon;
				ASSETCATALOG_COMPILER_GLOBAL_ACCENT_COLOR_NAME = AccentColor;
				CODE_SIGN_STYLE = Automatic;
				CURRENT_PROJECT_VERSION = 1;
				DEVELOPMENT_TEAM = T2HBBQ5KF9;
				GENERATE_INFOPLIST_FILE = YES;
				INFOPLIST_FILE = ContactList/App/Info.plist;
				INFOPLIST_KEY_UIApplicationSupportsIndirectInputEvents = YES;
				INFOPLIST_KEY_UILaunchStoryboardName = LaunchScreen;
				INFOPLIST_KEY_UIMainStoryboardFile = Main;
				INFOPLIST_KEY_UISupportedInterfaceOrientations = "UIInterfaceOrientationPortrait UIInterfaceOrientationPortraitUpsideDown";
				INFOPLIST_KEY_UISupportedInterfaceOrientations_iPad = "UIInterfaceOrientationPortrait UIInterfaceOrientationPortraitUpsideDown UIInterfaceOrientationLandscapeLeft UIInterfaceOrientationLandscapeRight";
				INFOPLIST_KEY_UISupportedInterfaceOrientations_iPhone = "UIInterfaceOrientationPortrait UIInterfaceOrientationLandscapeLeft UIInterfaceOrientationLandscapeRight";
				IPHONEOS_DEPLOYMENT_TARGET = 14.5;
				LD_RUNPATH_SEARCH_PATHS = (
					"$(inherited)",
					"@executable_path/Frameworks",
				);
				MARKETING_VERSION = 1.0;
				PRODUCT_BUNDLE_IDENTIFIER = home.ContactList;
				PRODUCT_NAME = "$(TARGET_NAME)";
				SWIFT_EMIT_LOC_STRINGS = YES;
				SWIFT_VERSION = 5.0;
				TARGETED_DEVICE_FAMILY = "1,2";
			};
			name = Release;
		};
/* End XCBuildConfiguration section */

/* Begin XCConfigurationList section */
		B1B8C2B927BDB1FC0017FE69 /* Build configuration list for PBXProject "ContactList" */ = {
			isa = XCConfigurationList;
			buildConfigurations = (
				B1B8C2D027BDB1FF0017FE69 /* Debug */,
				B1B8C2D127BDB1FF0017FE69 /* Release */,
			);
			defaultConfigurationIsVisible = 0;
			defaultConfigurationName = Release;
		};
		B1B8C2D227BDB1FF0017FE69 /* Build configuration list for PBXNativeTarget "ContactList" */ = {
			isa = XCConfigurationList;
			buildConfigurations = (
				B1B8C2D327BDB1FF0017FE69 /* Debug */,
				B1B8C2D427BDB1FF0017FE69 /* Release */,
			);
			defaultConfigurationIsVisible = 0;
			defaultConfigurationName = Release;
		};
/* End XCConfigurationList section */
	};
	rootObject = B1B8C2B627BDB1FC0017FE69 /* Project object */;
}
